// !$*UTF8*$!
{
	archiveVersion = 1;
	classes = {
	};
	objectVersion = 50;
	objects = {

/* Begin PBXBuildFile section */
		04B194B82632984700E90300 /* AppDelegate.m in Sources */ = {isa = PBXBuildFile; fileRef = 04B194B72632984700E90300 /* AppDelegate.m */; };
		04B194BE2632984700E90300 /* ViewController.m in Sources */ = {isa = PBXBuildFile; fileRef = 04B194BD2632984700E90300 /* ViewController.m */; };
		04B194C12632984700E90300 /* Main.storyboard in Resources */ = {isa = PBXBuildFile; fileRef = 04B194BF2632984700E90300 /* Main.storyboard */; };
		04B194C32632984B00E90300 /* Assets.xcassets in Resources */ = {isa = PBXBuildFile; fileRef = 04B194C22632984B00E90300 /* Assets.xcassets */; };
		04B194C62632984B00E90300 /* LaunchScreen.storyboard in Resources */ = {isa = PBXBuildFile; fileRef = 04B194C42632984B00E90300 /* LaunchScreen.storyboard */; };
		04B194C92632984B00E90300 /* main.m in Sources */ = {isa = PBXBuildFile; fileRef = 04B194C82632984B00E90300 /* main.m */; };
		04B194D32632984B00E90300 /* DemoTests.m in Sources */ = {isa = PBXBuildFile; fileRef = 04B194D22632984B00E90300 /* DemoTests.m */; };
		04B194DE2632984C00E90300 /* DemoUITests.m in Sources */ = {isa = PBXBuildFile; fileRef = 04B194DD2632984C00E90300 /* DemoUITests.m */; };
		04B195032632992600E90300 /* QQPhotoProgressView.m in Sources */ = {isa = PBXBuildFile; fileRef = 04B194FB2632992500E90300 /* QQPhotoProgressView.m */; };
		04B195042632992600E90300 /* QQPhotoBrowser.m in Sources */ = {isa = PBXBuildFile; fileRef = 04B194FC2632992500E90300 /* QQPhotoBrowser.m */; };
		04B195052632992600E90300 /* QQPhotoView.m in Sources */ = {isa = PBXBuildFile; fileRef = 04B194FE2632992500E90300 /* QQPhotoView.m */; };
		04B195062632992600E90300 /* QQPhoto.m in Sources */ = {isa = PBXBuildFile; fileRef = 04B195012632992500E90300 /* QQPhoto.m */; };
		2D0D3652AF55192513547598 /* libPods-Demo.a in Frameworks */ = {isa = PBXBuildFile; fileRef = E5C8F720A94D276805FE8CD1 /* libPods-Demo.a */; };
/* End PBXBuildFile section */

/* Begin PBXContainerItemProxy section */
		04B194CF2632984B00E90300 /* PBXContainerItemProxy */ = {
			isa = PBXContainerItemProxy;
			containerPortal = 04B194AB2632984700E90300 /* Project object */;
			proxyType = 1;
			remoteGlobalIDString = 04B194B22632984700E90300;
			remoteInfo = Demo;
		};
		04B194DA2632984C00E90300 /* PBXContainerItemProxy */ = {
			isa = PBXContainerItemProxy;
			containerPortal = 04B194AB2632984700E90300 /* Project object */;
			proxyType = 1;
			remoteGlobalIDString = 04B194B22632984700E90300;
			remoteInfo = Demo;
		};
/* End PBXContainerItemProxy section */

/* Begin PBXFileReference section */
		04B194B32632984700E90300 /* Demo.app */ = {isa = PBXFileReference; explicitFileType = wrapper.application; includeInIndex = 0; path = Demo.app; sourceTree = BUILT_PRODUCTS_DIR; };
		04B194B62632984700E90300 /* AppDelegate.h */ = {isa = PBXFileReference; lastKnownFileType = sourcecode.c.h; path = AppDelegate.h; sourceTree = "<group>"; };
		04B194B72632984700E90300 /* AppDelegate.m */ = {isa = PBXFileReference; lastKnownFileType = sourcecode.c.objc; path = AppDelegate.m; sourceTree = "<group>"; };
		04B194BC2632984700E90300 /* ViewController.h */ = {isa = PBXFileReference; lastKnownFileType = sourcecode.c.h; path = ViewController.h; sourceTree = "<group>"; };
		04B194BD2632984700E90300 /* ViewController.m */ = {isa = PBXFileReference; lastKnownFileType = sourcecode.c.objc; path = ViewController.m; sourceTree = "<group>"; };
		04B194C02632984700E90300 /* Base */ = {isa = PBXFileReference; lastKnownFileType = file.storyboard; name = Base; path = Base.lproj/Main.storyboard; sourceTree = "<group>"; };
		04B194C22632984B00E90300 /* Assets.xcassets */ = {isa = PBXFileReference; lastKnownFileType = folder.assetcatalog; path = Assets.xcassets; sourceTree = "<group>"; };
		04B194C52632984B00E90300 /* Base */ = {isa = PBXFileReference; lastKnownFileType = file.storyboard; name = Base; path = Base.lproj/LaunchScreen.storyboard; sourceTree = "<group>"; };
		04B194C72632984B00E90300 /* Info.plist */ = {isa = PBXFileReference; lastKnownFileType = text.plist.xml; path = Info.plist; sourceTree = "<group>"; };
		04B194C82632984B00E90300 /* main.m */ = {isa = PBXFileReference; lastKnownFileType = sourcecode.c.objc; path = main.m; sourceTree = "<group>"; };
		04B194CE2632984B00E90300 /* DemoTests.xctest */ = {isa = PBXFileReference; explicitFileType = wrapper.cfbundle; includeInIndex = 0; path = DemoTests.xctest; sourceTree = BUILT_PRODUCTS_DIR; };
		04B194D22632984B00E90300 /* DemoTests.m */ = {isa = PBXFileReference; lastKnownFileType = sourcecode.c.objc; path = DemoTests.m; sourceTree = "<group>"; };
		04B194D42632984B00E90300 /* Info.plist */ = {isa = PBXFileReference; lastKnownFileType = text.plist.xml; path = Info.plist; sourceTree = "<group>"; };
		04B194D92632984C00E90300 /* DemoUITests.xctest */ = {isa = PBXFileReference; explicitFileType = wrapper.cfbundle; includeInIndex = 0; path = DemoUITests.xctest; sourceTree = BUILT_PRODUCTS_DIR; };
		04B194DD2632984C00E90300 /* DemoUITests.m */ = {isa = PBXFileReference; lastKnownFileType = sourcecode.c.objc; path = DemoUITests.m; sourceTree = "<group>"; };
		04B194DF2632984C00E90300 /* Info.plist */ = {isa = PBXFileReference; lastKnownFileType = text.plist.xml; path = Info.plist; sourceTree = "<group>"; };
		04B194FB2632992500E90300 /* QQPhotoProgressView.m */ = {isa = PBXFileReference; fileEncoding = 4; lastKnownFileType = sourcecode.c.objc; path = QQPhotoProgressView.m; sourceTree = "<group>"; };
		04B194FC2632992500E90300 /* QQPhotoBrowser.m */ = {isa = PBXFileReference; fileEncoding = 4; lastKnownFileType = sourcecode.c.objc; path = QQPhotoBrowser.m; sourceTree = "<group>"; };
		04B194FD2632992500E90300 /* QQPhoto.h */ = {isa = PBXFileReference; fileEncoding = 4; lastKnownFileType = sourcecode.c.h; path = QQPhoto.h; sourceTree = "<group>"; };
		04B194FE2632992500E90300 /* QQPhotoView.m */ = {isa = PBXFileReference; fileEncoding = 4; lastKnownFileType = sourcecode.c.objc; path = QQPhotoView.m; sourceTree = "<group>"; };
		04B194FF2632992500E90300 /* QQPhotoProgressView.h */ = {isa = PBXFileReference; fileEncoding = 4; lastKnownFileType = sourcecode.c.h; path = QQPhotoProgressView.h; sourceTree = "<group>"; };
		04B195002632992500E90300 /* QQPhotoView.h */ = {isa = PBXFileReference; fileEncoding = 4; lastKnownFileType = sourcecode.c.h; path = QQPhotoView.h; sourceTree = "<group>"; };
		04B195012632992500E90300 /* QQPhoto.m */ = {isa = PBXFileReference; fileEncoding = 4; lastKnownFileType = sourcecode.c.objc; path = QQPhoto.m; sourceTree = "<group>"; };
		04B195022632992500E90300 /* QQPhotoBrowser.h */ = {isa = PBXFileReference; fileEncoding = 4; lastKnownFileType = sourcecode.c.h; path = QQPhotoBrowser.h; sourceTree = "<group>"; };
		A78EED4FFE87EC2A73715015 /* Pods-Demo.release.xcconfig */ = {isa = PBXFileReference; includeInIndex = 1; lastKnownFileType = text.xcconfig; name = "Pods-Demo.release.xcconfig"; path = "Target Support Files/Pods-Demo/Pods-Demo.release.xcconfig"; sourceTree = "<group>"; };
		DF71B496DFCC4EF724A64813 /* Pods-Demo.debug.xcconfig */ = {isa = PBXFileReference; includeInIndex = 1; lastKnownFileType = text.xcconfig; name = "Pods-Demo.debug.xcconfig"; path = "Target Support Files/Pods-Demo/Pods-Demo.debug.xcconfig"; sourceTree = "<group>"; };
		E5C8F720A94D276805FE8CD1 /* libPods-Demo.a */ = {isa = PBXFileReference; explicitFileType = archive.ar; includeInIndex = 0; path = "libPods-Demo.a"; sourceTree = BUILT_PRODUCTS_DIR; };
/* End PBXFileReference section */

/* Begin PBXFrameworksBuildPhase section */
		04B194B02632984700E90300 /* Frameworks */ = {
			isa = PBXFrameworksBuildPhase;
			buildActionMask = 2147483647;
			files = (
				2D0D3652AF55192513547598 /* libPods-Demo.a in Frameworks */,
			);
			runOnlyForDeploymentPostprocessing = 0;
		};
		04B194CB2632984B00E90300 /* Frameworks */ = {
			isa = PBXFrameworksBuildPhase;
			buildActionMask = 2147483647;
			files = (
			);
			runOnlyForDeploymentPostprocessing = 0;
		};
		04B194D62632984C00E90300 /* Frameworks */ = {
			isa = PBXFrameworksBuildPhase;
			buildActionMask = 2147483647;
			files = (
			);
			runOnlyForDeploymentPostprocessing = 0;
		};
/* End PBXFrameworksBuildPhase section */

/* Begin PBXGroup section */
		04B194AA2632984700E90300 = {
			isa = PBXGroup;
			children = (
				04B194B52632984700E90300 /* Demo */,
				04B194D12632984B00E90300 /* DemoTests */,
				04B194DC2632984C00E90300 /* DemoUITests */,
				04B194B42632984700E90300 /* Products */,
				B58F4C56BA3B825664F6F7F5 /* Pods */,
				78898F4AA4CE482F7EAF2843 /* Frameworks */,
			);
			sourceTree = "<group>";
		};
		04B194B42632984700E90300 /* Products */ = {
			isa = PBXGroup;
			children = (
				04B194B32632984700E90300 /* Demo.app */,
				04B194CE2632984B00E90300 /* DemoTests.xctest */,
				04B194D92632984C00E90300 /* DemoUITests.xctest */,
			);
			name = Products;
			sourceTree = "<group>";
		};
		04B194B52632984700E90300 /* Demo */ = {
			isa = PBXGroup;
			children = (
				04B194B62632984700E90300 /* AppDelegate.h */,
				04B194B72632984700E90300 /* AppDelegate.m */,
				04B194FA2632992500E90300 /* QQPhotoBrowser */,
				04B194BC2632984700E90300 /* ViewController.h */,
				04B194BD2632984700E90300 /* ViewController.m */,
				04B194F42632987300E90300 /* Supporting Files */,
			);
			path = Demo;
			sourceTree = "<group>";
		};
		04B194D12632984B00E90300 /* DemoTests */ = {
			isa = PBXGroup;
			children = (
				04B194D22632984B00E90300 /* DemoTests.m */,
				04B194D42632984B00E90300 /* Info.plist */,
			);
			path = DemoTests;
			sourceTree = "<group>";
		};
		04B194DC2632984C00E90300 /* DemoUITests */ = {
			isa = PBXGroup;
			children = (
				04B194DD2632984C00E90300 /* DemoUITests.m */,
				04B194DF2632984C00E90300 /* Info.plist */,
			);
			path = DemoUITests;
			sourceTree = "<group>";
		};
		04B194F42632987300E90300 /* Supporting Files */ = {
			isa = PBXGroup;
			children = (
				04B194BF2632984700E90300 /* Main.storyboard */,
				04B194C22632984B00E90300 /* Assets.xcassets */,
				04B194C42632984B00E90300 /* LaunchScreen.storyboard */,
				04B194C72632984B00E90300 /* Info.plist */,
				04B194C82632984B00E90300 /* main.m */,
			);
			name = "Supporting Files";
			sourceTree = "<group>";
		};
		04B194FA2632992500E90300 /* QQPhotoBrowser */ = {
			isa = PBXGroup;
			children = (
				04B194FD2632992500E90300 /* QQPhoto.h */,
				04B195012632992500E90300 /* QQPhoto.m */,
				04B195022632992500E90300 /* QQPhotoBrowser.h */,
				04B194FC2632992500E90300 /* QQPhotoBrowser.m */,
				04B194FF2632992500E90300 /* QQPhotoProgressView.h */,
				04B194FB2632992500E90300 /* QQPhotoProgressView.m */,
				04B195002632992500E90300 /* QQPhotoView.h */,
				04B194FE2632992500E90300 /* QQPhotoView.m */,
			);
			name = QQPhotoBrowser;
			path = ../../QQPhotoBrowser;
			sourceTree = "<group>";
		};
		78898F4AA4CE482F7EAF2843 /* Frameworks */ = {
			isa = PBXGroup;
			children = (
				E5C8F720A94D276805FE8CD1 /* libPods-Demo.a */,
			);
			name = Frameworks;
			sourceTree = "<group>";
		};
		B58F4C56BA3B825664F6F7F5 /* Pods */ = {
			isa = PBXGroup;
			children = (
				DF71B496DFCC4EF724A64813 /* Pods-Demo.debug.xcconfig */,
				A78EED4FFE87EC2A73715015 /* Pods-Demo.release.xcconfig */,
			);
			path = Pods;
			sourceTree = "<group>";
		};
/* End PBXGroup section */

/* Begin PBXNativeTarget section */
		04B194B22632984700E90300 /* Demo */ = {
			isa = PBXNativeTarget;
			buildConfigurationList = 04B194E22632984C00E90300 /* Build configuration list for PBXNativeTarget "Demo" */;
			buildPhases = (
				CBAE727C3D377AE1A68056F3 /* [CP] Check Pods Manifest.lock */,
				04B194AF2632984700E90300 /* Sources */,
				04B194B02632984700E90300 /* Frameworks */,
				04B194B12632984700E90300 /* Resources */,
			);
			buildRules = (
			);
			dependencies = (
			);
			name = Demo;
			productName = Demo;
			productReference = 04B194B32632984700E90300 /* Demo.app */;
			productType = "com.apple.product-type.application";
		};
		04B194CD2632984B00E90300 /* DemoTests */ = {
			isa = PBXNativeTarget;
			buildConfigurationList = 04B194E52632984C00E90300 /* Build configuration list for PBXNativeTarget "DemoTests" */;
			buildPhases = (
				04B194CA2632984B00E90300 /* Sources */,
				04B194CB2632984B00E90300 /* Frameworks */,
				04B194CC2632984B00E90300 /* Resources */,
			);
			buildRules = (
			);
			dependencies = (
				04B194D02632984B00E90300 /* PBXTargetDependency */,
			);
			name = DemoTests;
			productName = DemoTests;
			productReference = 04B194CE2632984B00E90300 /* DemoTests.xctest */;
			productType = "com.apple.product-type.bundle.unit-test";
		};
		04B194D82632984C00E90300 /* DemoUITests */ = {
			isa = PBXNativeTarget;
			buildConfigurationList = 04B194E82632984C00E90300 /* Build configuration list for PBXNativeTarget "DemoUITests" */;
			buildPhases = (
				04B194D52632984C00E90300 /* Sources */,
				04B194D62632984C00E90300 /* Frameworks */,
				04B194D72632984C00E90300 /* Resources */,
			);
			buildRules = (
			);
			dependencies = (
				04B194DB2632984C00E90300 /* PBXTargetDependency */,
			);
			name = DemoUITests;
			productName = DemoUITests;
			productReference = 04B194D92632984C00E90300 /* DemoUITests.xctest */;
			productType = "com.apple.product-type.bundle.ui-testing";
		};
/* End PBXNativeTarget section */

/* Begin PBXProject section */
		04B194AB2632984700E90300 /* Project object */ = {
			isa = PBXProject;
			attributes = {
				LastUpgradeCheck = 1240;
				TargetAttributes = {
					04B194B22632984700E90300 = {
						CreatedOnToolsVersion = 12.4;
					};
					04B194CD2632984B00E90300 = {
						CreatedOnToolsVersion = 12.4;
						TestTargetID = 04B194B22632984700E90300;
					};
					04B194D82632984C00E90300 = {
						CreatedOnToolsVersion = 12.4;
						TestTargetID = 04B194B22632984700E90300;
					};
				};
			};
			buildConfigurationList = 04B194AE2632984700E90300 /* Build configuration list for PBXProject "Demo" */;
			compatibilityVersion = "Xcode 9.3";
			developmentRegion = en;
			hasScannedForEncodings = 0;
			knownRegions = (
				en,
				Base,
			);
			mainGroup = 04B194AA2632984700E90300;
			productRefGroup = 04B194B42632984700E90300 /* Products */;
			projectDirPath = "";
			projectRoot = "";
			targets = (
				04B194B22632984700E90300 /* Demo */,
				04B194CD2632984B00E90300 /* DemoTests */,
				04B194D82632984C00E90300 /* DemoUITests */,
			);
		};
/* End PBXProject section */

/* Begin PBXResourcesBuildPhase section */
		04B194B12632984700E90300 /* Resources */ = {
			isa = PBXResourcesBuildPhase;
			buildActionMask = 2147483647;
			files = (
				04B194C62632984B00E90300 /* LaunchScreen.storyboard in Resources */,
				04B194C32632984B00E90300 /* Assets.xcassets in Resources */,
				04B194C12632984700E90300 /* Main.storyboard in Resources */,
			);
			runOnlyForDeploymentPostprocessing = 0;
		};
		04B194CC2632984B00E90300 /* Resources */ = {
			isa = PBXResourcesBuildPhase;
			buildActionMask = 2147483647;
			files = (
			);
			runOnlyForDeploymentPostprocessing = 0;
		};
		04B194D72632984C00E90300 /* Resources */ = {
			isa = PBXResourcesBuildPhase;
			buildActionMask = 2147483647;
			files = (
			);
			runOnlyForDeploymentPostprocessing = 0;
		};
/* End PBXResourcesBuildPhase section */

/* Begin PBXShellScriptBuildPhase section */
		CBAE727C3D377AE1A68056F3 /* [CP] Check Pods Manifest.lock */ = {
			isa = PBXShellScriptBuildPhase;
			buildActionMask = 2147483647;
			files = (
			);
			inputFileListPaths = (
			);
			inputPaths = (
				"${PODS_PODFILE_DIR_PATH}/Podfile.lock",
				"${PODS_ROOT}/Manifest.lock",
			);
			name = "[CP] Check Pods Manifest.lock";
			outputFileListPaths = (
			);
			outputPaths = (
				"$(DERIVED_FILE_DIR)/Pods-Demo-checkManifestLockResult.txt",
			);
			runOnlyForDeploymentPostprocessing = 0;
			shellPath = /bin/sh;
			shellScript = "diff \"${PODS_PODFILE_DIR_PATH}/Podfile.lock\" \"${PODS_ROOT}/Manifest.lock\" > /dev/null\nif [ $? != 0 ] ; then\n    # print error to STDERR\n    echo \"error: The sandbox is not in sync with the Podfile.lock. Run 'pod install' or update your CocoaPods installation.\" >&2\n    exit 1\nfi\n# This output is used by Xcode 'outputs' to avoid re-running this script phase.\necho \"SUCCESS\" > \"${SCRIPT_OUTPUT_FILE_0}\"\n";
			showEnvVarsInLog = 0;
		};
/* End PBXShellScriptBuildPhase section */

/* Begin PBXSourcesBuildPhase section */
		04B194AF2632984700E90300 /* Sources */ = {
			isa = PBXSourcesBuildPhase;
			buildActionMask = 2147483647;
			files = (
				04B195032632992600E90300 /* QQPhotoProgressView.m in Sources */,
				04B195062632992600E90300 /* QQPhoto.m in Sources */,
				04B195042632992600E90300 /* QQPhotoBrowser.m in Sources */,
				04B194BE2632984700E90300 /* ViewController.m in Sources */,
				04B194B82632984700E90300 /* AppDelegate.m in Sources */,
				04B194C92632984B00E90300 /* main.m in Sources */,
				04B195052632992600E90300 /* QQPhotoView.m in Sources */,
			);
			runOnlyForDeploymentPostprocessing = 0;
		};
		04B194CA2632984B00E90300 /* Sources */ = {
			isa = PBXSourcesBuildPhase;
			buildActionMask = 2147483647;
			files = (
				04B194D32632984B00E90300 /* DemoTests.m in Sources */,
			);
			runOnlyForDeploymentPostprocessing = 0;
		};
		04B194D52632984C00E90300 /* Sources */ = {
			isa = PBXSourcesBuildPhase;
			buildActionMask = 2147483647;
			files = (
				04B194DE2632984C00E90300 /* DemoUITests.m in Sources */,
			);
			runOnlyForDeploymentPostprocessing = 0;
		};
/* End PBXSourcesBuildPhase section */

/* Begin PBXTargetDependency section */
		04B194D02632984B00E90300 /* PBXTargetDependency */ = {
			isa = PBXTargetDependency;
			target = 04B194B22632984700E90300 /* Demo */;
			targetProxy = 04B194CF2632984B00E90300 /* PBXContainerItemProxy */;
		};
		04B194DB2632984C00E90300 /* PBXTargetDependency */ = {
			isa = PBXTargetDependency;
			target = 04B194B22632984700E90300 /* Demo */;
			targetProxy = 04B194DA2632984C00E90300 /* PBXContainerItemProxy */;
		};
/* End PBXTargetDependency section */

/* Begin PBXVariantGroup section */
		04B194BF2632984700E90300 /* Main.storyboard */ = {
			isa = PBXVariantGroup;
			children = (
				04B194C02632984700E90300 /* Base */,
			);
			name = Main.storyboard;
			sourceTree = "<group>";
		};
		04B194C42632984B00E90300 /* LaunchScreen.storyboard */ = {
			isa = PBXVariantGroup;
			children = (
				04B194C52632984B00E90300 /* Base */,
			);
			name = LaunchScreen.storyboard;
			sourceTree = "<group>";
		};
/* End PBXVariantGroup section */

/* Begin XCBuildConfiguration section */
		04B194E02632984C00E90300 /* Debug */ = {
			isa = XCBuildConfiguration;
			buildSettings = {
				ALWAYS_SEARCH_USER_PATHS = NO;
				CLANG_ANALYZER_NONNULL = YES;
				CLANG_ANALYZER_NUMBER_OBJECT_CONVERSION = YES_AGGRESSIVE;
				CLANG_CXX_LANGUAGE_STANDARD = "gnu++14";
				CLANG_CXX_LIBRARY = "libc++";
				CLANG_ENABLE_MODULES = YES;
				CLANG_ENABLE_OBJC_ARC = YES;
				CLANG_ENABLE_OBJC_WEAK = YES;
				CLANG_WARN_BLOCK_CAPTURE_AUTORELEASING = YES;
				CLANG_WARN_BOOL_CONVERSION = YES;
				CLANG_WARN_COMMA = YES;
				CLANG_WARN_CONSTANT_CONVERSION = YES;
				CLANG_WARN_DEPRECATED_OBJC_IMPLEMENTATIONS = YES;
				CLANG_WARN_DIRECT_OBJC_ISA_USAGE = YES_ERROR;
				CLANG_WARN_DOCUMENTATION_COMMENTS = YES;
				CLANG_WARN_EMPTY_BODY = YES;
				CLANG_WARN_ENUM_CONVERSION = YES;
				CLANG_WARN_INFINITE_RECURSION = YES;
				CLANG_WARN_INT_CONVERSION = YES;
				CLANG_WARN_NON_LITERAL_NULL_CONVERSION = YES;
				CLANG_WARN_OBJC_IMPLICIT_RETAIN_SELF = YES;
				CLANG_WARN_OBJC_LITERAL_CONVERSION = YES;
				CLANG_WARN_OBJC_ROOT_CLASS = YES_ERROR;
				CLANG_WARN_QUOTED_INCLUDE_IN_FRAMEWORK_HEADER = YES;
				CLANG_WARN_RANGE_LOOP_ANALYSIS = YES;
				CLANG_WARN_STRICT_PROTOTYPES = YES;
				CLANG_WARN_SUSPICIOUS_MOVE = YES;
				CLANG_WARN_UNGUARDED_AVAILABILITY = YES_AGGRESSIVE;
				CLANG_WARN_UNREACHABLE_CODE = YES;
				CLANG_WARN__DUPLICATE_METHOD_MATCH = YES;
				COPY_PHASE_STRIP = NO;
				DEBUG_INFORMATION_FORMAT = dwarf;
				ENABLE_STRICT_OBJC_MSGSEND = YES;
				ENABLE_TESTABILITY = YES;
				GCC_C_LANGUAGE_STANDARD = gnu11;
				GCC_DYNAMIC_NO_PIC = NO;
				GCC_NO_COMMON_BLOCKS = YES;
				GCC_OPTIMIZATION_LEVEL = 0;
				GCC_PREPROCESSOR_DEFINITIONS = (
					"DEBUG=1",
					"$(inherited)",
				);
				GCC_WARN_64_TO_32_BIT_CONVERSION = YES;
				GCC_WARN_ABOUT_RETURN_TYPE = YES_ERROR;
				GCC_WARN_UNDECLARED_SELECTOR = YES;
				GCC_WARN_UNINITIALIZED_AUTOS = YES_AGGRESSIVE;
				GCC_WARN_UNUSED_FUNCTION = YES;
				GCC_WARN_UNUSED_VARIABLE = YES;
				IPHONEOS_DEPLOYMENT_TARGET = 9.0;
				MTL_ENABLE_DEBUG_INFO = INCLUDE_SOURCE;
				MTL_FAST_MATH = YES;
				ONLY_ACTIVE_ARCH = YES;
				SDKROOT = iphoneos;
			};
			name = Debug;
		};
		04B194E12632984C00E90300 /* Release */ = {
			isa = XCBuildConfiguration;
			buildSettings = {
				ALWAYS_SEARCH_USER_PATHS = NO;
				CLANG_ANALYZER_NONNULL = YES;
				CLANG_ANALYZER_NUMBER_OBJECT_CONVERSION = YES_AGGRESSIVE;
				CLANG_CXX_LANGUAGE_STANDARD = "gnu++14";
				CLANG_CXX_LIBRARY = "libc++";
				CLANG_ENABLE_MODULES = YES;
				CLANG_ENABLE_OBJC_ARC = YES;
				CLANG_ENABLE_OBJC_WEAK = YES;
				CLANG_WARN_BLOCK_CAPTURE_AUTORELEASING = YES;
				CLANG_WARN_BOOL_CONVERSION = YES;
				CLANG_WARN_COMMA = YES;
				CLANG_WARN_CONSTANT_CONVERSION = YES;
				CLANG_WARN_DEPRECATED_OBJC_IMPLEMENTATIONS = YES;
				CLANG_WARN_DIRECT_OBJC_ISA_USAGE = YES_ERROR;
				CLANG_WARN_DOCUMENTATION_COMMENTS = YES;
				CLANG_WARN_EMPTY_BODY = YES;
				CLANG_WARN_ENUM_CONVERSION = YES;
				CLANG_WARN_INFINITE_RECURSION = YES;
				CLANG_WARN_INT_CONVERSION = YES;
				CLANG_WARN_NON_LITERAL_NULL_CONVERSION = YES;
				CLANG_WARN_OBJC_IMPLICIT_RETAIN_SELF = YES;
				CLANG_WARN_OBJC_LITERAL_CONVERSION = YES;
				CLANG_WARN_OBJC_ROOT_CLASS = YES_ERROR;
				CLANG_WARN_QUOTED_INCLUDE_IN_FRAMEWORK_HEADER = YES;
				CLANG_WARN_RANGE_LOOP_ANALYSIS = YES;
				CLANG_WARN_STRICT_PROTOTYPES = YES;
				CLANG_WARN_SUSPICIOUS_MOVE = YES;
				CLANG_WARN_UNGUARDED_AVAILABILITY = YES_AGGRESSIVE;
				CLANG_WARN_UNREACHABLE_CODE = YES;
				CLANG_WARN__DUPLICATE_METHOD_MATCH = YES;
				COPY_PHASE_STRIP = NO;
				DEBUG_INFORMATION_FORMAT = "dwarf-with-dsym";
				ENABLE_NS_ASSERTIONS = NO;
				ENABLE_STRICT_OBJC_MSGSEND = YES;
				GCC_C_LANGUAGE_STANDARD = gnu11;
				GCC_NO_COMMON_BLOCKS = YES;
				GCC_WARN_64_TO_32_BIT_CONVERSION = YES;
				GCC_WARN_ABOUT_RETURN_TYPE = YES_ERROR;
				GCC_WARN_UNDECLARED_SELECTOR = YES;
				GCC_WARN_UNINITIALIZED_AUTOS = YES_AGGRESSIVE;
				GCC_WARN_UNUSED_FUNCTION = YES;
				GCC_WARN_UNUSED_VARIABLE = YES;
				IPHONEOS_DEPLOYMENT_TARGET = 9.0;
				MTL_ENABLE_DEBUG_INFO = NO;
				MTL_FAST_MATH = YES;
				SDKROOT = iphoneos;
				VALIDATE_PRODUCT = YES;
			};
			name = Release;
		};
		04B194E32632984C00E90300 /* Debug */ = {
			isa = XCBuildConfiguration;
			baseConfigurationReference = DF71B496DFCC4EF724A64813 /* Pods-Demo.debug.xcconfig */;
			buildSettings = {
				ASSETCATALOG_COMPILER_APPICON_NAME = AppIcon;
				ASSETCATALOG_COMPILER_GLOBAL_ACCENT_COLOR_NAME = AccentColor;
				CODE_SIGN_STYLE = Automatic;
				DEVELOPMENT_TEAM = Q6NR3ZSKL2;
				INFOPLIST_FILE = Demo/Info.plist;
				IPHONEOS_DEPLOYMENT_TARGET = 9.0;
				LD_RUNPATH_SEARCH_PATHS = (
					"$(inherited)",
					"@executable_path/Frameworks",
				);
				PRODUCT_BUNDLE_IDENTIFIER = com.xuze.demo2;
				PRODUCT_NAME = "$(TARGET_NAME)";
				TARGETED_DEVICE_FAMILY = "1,2";
			};
			name = Debug;
		};
		04B194E42632984C00E90300 /* Release */ = {
			isa = XCBuildConfiguration;
			baseConfigurationReference = A78EED4FFE87EC2A73715015 /* Pods-Demo.release.xcconfig */;
			buildSettings = {
				ASSETCATALOG_COMPILER_APPICON_NAME = AppIcon;
				ASSETCATALOG_COMPILER_GLOBAL_ACCENT_COLOR_NAME = AccentColor;
				CODE_SIGN_STYLE = Automatic;
				DEVELOPMENT_TEAM = Q6NR3ZSKL2;
				INFOPLIST_FILE = Demo/Info.plist;
				IPHONEOS_DEPLOYMENT_TARGET = 9.0;
				LD_RUNPATH_SEARCH_PATHS = (
					"$(inherited)",
					"@executable_path/Frameworks",
				);
				PRODUCT_BUNDLE_IDENTIFIER = com.xuze.demo2;
				PRODUCT_NAME = "$(TARGET_NAME)";
				TARGETED_DEVICE_FAMILY = "1,2";
			};
			name = Release;
		};
		04B194E62632984C00E90300 /* Debug */ = {
			isa = XCBuildConfiguration;
			buildSettings = {
				BUNDLE_LOADER = "$(TEST_HOST)";
				CODE_SIGN_STYLE = Automatic;
				INFOPLIST_FILE = DemoTests/Info.plist;
				IPHONEOS_DEPLOYMENT_TARGET = 14.4;
				LD_RUNPATH_SEARCH_PATHS = (
					"$(inherited)",
					"@executable_path/Frameworks",
					"@loader_path/Frameworks",
				);
				PRODUCT_BUNDLE_IDENTIFIER = com.xuze.DemoTests;
				PRODUCT_NAME = "$(TARGET_NAME)";
				TARGETED_DEVICE_FAMILY = "1,2";
				TEST_HOST = "$(BUILT_PRODUCTS_DIR)/Demo.app/Demo";
			};
			name = Debug;
		};
		04B194E72632984C00E90300 /* Release */ = {
			isa = XCBuildConfiguration;
			buildSettings = {
				BUNDLE_LOADER = "$(TEST_HOST)";
				CODE_SIGN_STYLE = Automatic;
				INFOPLIST_FILE = DemoTests/Info.plist;
				IPHONEOS_DEPLOYMENT_TARGET = 14.4;
				LD_RUNPATH_SEARCH_PATHS = (
					"$(inherited)",
					"@executable_path/Frameworks",
					"@loader_path/Frameworks",
				);
				PRODUCT_BUNDLE_IDENTIFIER = com.xuze.DemoTests;
				PRODUCT_NAME = "$(TARGET_NAME)";
				TARGETED_DEVICE_FAMILY = "1,2";
				TEST_HOST = "$(BUILT_PRODUCTS_DIR)/Demo.app/Demo";
			};
			name = Release;
		};
		04B194E92632984C00E90300 /* Debug */ = {
			isa = XCBuildConfiguration;
			buildSettings = {
				CODE_SIGN_STYLE = Automatic;
				INFOPLIST_FILE = DemoUITests/Info.plist;
				LD_RUNPATH_SEARCH_PATHS = (
					"$(inherited)",
					"@executable_path/Frameworks",
					"@loader_path/Frameworks",
				);
				PRODUCT_BUNDLE_IDENTIFIER = com.xuze.DemoUITests;
				PRODUCT_NAME = "$(TARGET_NAME)";
				TARGETED_DEVICE_FAMILY = "1,2";
				TEST_TARGET_NAME = Demo;
			};
			name = Debug;
		};
		04B194EA2632984C00E90300 /* Release */ = {
			isa = XCBuildConfiguration;
			buildSettings = {
				CODE_SIGN_STYLE = Automatic;
				INFOPLIST_FILE = DemoUITests/Info.plist;
				LD_RUNPATH_SEARCH_PATHS = (
					"$(inherited)",
					"@executable_path/Frameworks",
					"@loader_path/Frameworks",
				);
				PRODUCT_BUNDLE_IDENTIFIER = com.xuze.DemoUITests;
				PRODUCT_NAME = "$(TARGET_NAME)";
				TARGETED_DEVICE_FAMILY = "1,2";
				TEST_TARGET_NAME = Demo;
			};
			name = Release;
		};
/* End XCBuildConfiguration section */

/* Begin XCConfigurationList section */
		04B194AE2632984700E90300 /* Build configuration list for PBXProject "Demo" */ = {
			isa = XCConfigurationList;
			buildConfigurations = (
				04B194E02632984C00E90300 /* Debug */,
				04B194E12632984C00E90300 /* Release */,
			);
			defaultConfigurationIsVisible = 0;
			defaultConfigurationName = Release;
		};
		04B194E22632984C00E90300 /* Build configuration list for PBXNativeTarget "Demo" */ = {
			isa = XCConfigurationList;
			buildConfigurations = (
				04B194E32632984C00E90300 /* Debug */,
				04B194E42632984C00E90300 /* Release */,
			);
			defaultConfigurationIsVisible = 0;
			defaultConfigurationName = Release;
		};
		04B194E52632984C00E90300 /* Build configuration list for PBXNativeTarget "DemoTests" */ = {
			isa = XCConfigurationList;
			buildConfigurations = (
				04B194E62632984C00E90300 /* Debug */,
				04B194E72632984C00E90300 /* Release */,
			);
			defaultConfigurationIsVisible = 0;
			defaultConfigurationName = Release;
		};
		04B194E82632984C00E90300 /* Build configuration list for PBXNativeTarget "DemoUITests" */ = {
			isa = XCConfigurationList;
			buildConfigurations = (
				04B194E92632984C00E90300 /* Debug */,
				04B194EA2632984C00E90300 /* Release */,
			);
			defaultConfigurationIsVisible = 0;
			defaultConfigurationName = Release;
		};
/* End XCConfigurationList section */
	};
	rootObject = 04B194AB2632984700E90300 /* Project object */;
}
